{
  "nodes": {
    "agenix": {
      "inputs": {
        "darwin": "darwin",
        "home-manager": "home-manager",
        "nixpkgs": "nixpkgs",
        "systems": "systems"
      },
      "locked": {
        "lastModified": 1770165109,
        "narHash": "sha256-9VnK6Oqai65puVJ4WYtCTvlJeXxMzAp/69HhQuTdl/I=",
        "owner": "ryantm",
        "repo": "agenix",
        "rev": "b027ee29d959fda4b60b57566d64c98a202e0feb",
        "type": "github"
      },
      "original": {
        "owner": "ryantm",
        "repo": "agenix",
        "type": "github"
      }
    },
    "colmena": {
      "inputs": {
        "nix-github-actions": "nix-github-actions",
        "nixpkgs": "nixpkgs_2",
        "stable": "stable",
        "systems": "systems_2"
      },
      "locked": {
        "lastModified": 1790181767,
        "narHash": "sha256-tAFD6YYIsaDLYwH1uDAf/pe9SY3y4Vyx6uAmVKRpLdA=",
        "owner": "zhaofengli",
        "repo": "colmena",
        "rev": "1d1b03502526482e1398c8e454aa7cdbdc299da4",
        "type": "github"
      },
      "original": {
        "owner": "zhaofengli",
        "repo": "colmena",
        "type": "github"
      }
    },
    "darwin": {
      "inputs": {
        "nixpkgs": [
          "agenix",
          "nixpkgs"
        ]
      },
      "locked": {
        "lastModified": 1744478979,
        "narHash": "sha256-dyN+teG9G82G+m+PX/aSAagkC+vUv0SgUw3XkPhQodQ=",
        "owner": "lnl7",
        "repo": "nix-darwin",
        "rev": "43975d782b418ebf4969e9ccba82466728c2851b",
        "type": "github"
      },
      "original": {
        "owner": "lnl7",
        "ref": "master",
        "repo": "nix-darwin",
        "type": "github"
      }
    },
    "disko": {
      "inputs": {
        "nixpkgs": [
          "nixpkgs"
        ]
      },
      "locked": {
        "lastModified": 1789770686,
        "narHash": "sha256-uZkBR7yHdIKUFB5SZdfgh1qkGfI3XmYmI/lTiquxbck=",
        "owner": "nix-community",
        "repo": "disko",
        "rev": "725ea35e410ad83be4931d1bff7e090eacaf3563",
        "type": "github"
      },
      "original": {
        "owner": "nix-community",
        "repo": "disko",
        "type": "github"
      }
    },
    "home-manager": {
      "inputs": {
        "nixpkgs": [
          "agenix",
          "nixpkgs"
        ]
      },
      "locked": {
        "lastModified": 1745494811,
        "narHash": "sha256-YZCh2o9Ua1n9uCvrvi5pRxtuVNml8X2a03qIFfRKpFs=",
        "owner": "nix-community",
        "repo": "home-manager",
        "rev": "abfad3d2958c9e6300a883bd443512c55dfeb1be",
        "type": "github"
      },
      "original": {
        "owner": "nix-community",
        "repo": "home-manager",
        "type": "github"
      }
    },
    "home-manager_2": {
      "inputs": {
        "nixpkgs": [
          "nixpkgs"
        ]
      },
      "locked": {
        "lastModified": 1790128814,
        "narHash": "sha256-6Gm9q+wW3E4Ey4F6wEbJAwaMsEK6hvCYfTW7yY64ZfA=",
        "owner": "nix-community",
        "repo": "home-manager",
        "rev": "0b2f1129177f70c5f0f5d88bb53c49ca47d0bfc0",
        "type": "github"
      },
      "original": {
        "owner": "nix-community",
        "repo": "home-manager",
        "type": "github"
      }
    },
    "nix-github-actions": {
      "inputs": {
        "nixpkgs": [
          "colmena",
          "nixpkgs"
        ]
      },
      "locked": {
        "lastModified": 1737420293,
        "narHash": "sha256-F1G5ifvqTpJq7fdkT34e/Jy9VCyzd5XfJ9TO8fHhJWE=",
        "owner": "nix-community",
        "repo": "nix-github-actions",
        "rev": "f4158fa080ef4503c8f4c820967d946c2af31ec9",
        "type": "github"
      },
      "original": {
        "owner": "nix-community",
        "repo": "nix-github-actions",
        "type": "github"
      }
    },
    "nixpkgs": {
      "locked": {
        "lastModified": 1754028485,
        "narHash": "sha256-IiiXB3BDTi6UqzAZcf2S797hWEPCRZOwyNThJIYhUfk=",
        "owner": "NixOS",
        "repo": "nixpkgs",
        "rev": "59e69648d345d6e8fef86158c555730fa12af9de",
        "type": "github"
      },
      "original": {
        "owner": "NixOS",
        "ref": "nixos-25.05",
        "repo": "nixpkgs",
        "type": "github"
      }
    },
    "nixpkgs_2": {
      "locked": {
        "lastModified": 1790046670,
        "narHash": "sha256-MYiI+CzL0tuWgRPjGsKCDHqYs2T3OzMlMQWOYWG0qso=",
        "owner": "nixos",
        "repo": "nixpkgs",
        "rev": "6774f7bc253789b113a4f39285dc0fa100abeacc",
        "type": "github"
      },
      "original": {
        "owner": "nixos",
        "ref": "nixos-unstable",
        "repo": "nixpkgs",
        "type": "github"
      }
    },
    "nixpkgs_3": {
      "locked": {
        "lastModified": 1790046670,
        "narHash": "sha256-MYiI+CzL0tuWgRPjGsKCDHqYs2T3OzMlMQWOYWG0qso=",
        "owner": "NixOS",
        "repo": "nixpkgs",
        "rev": "6774f7bc253789b113a4f39285dc0fa100abeacc",
        "type": "github"
      },
      "original": {
        "owner": "NixOS",
        "ref": "nixos-unstable",
        "repo": "nixpkgs",
        "type": "github"
      }
    },
    "nixpkgs_4": {
      "locked": {
        "lastModified": 1786106723,
        "narHash": "sha256-zDSUbpoeo/9ZmD2+wXnzxoo1+uhL8vxc0b8yuYMKYq0=",
        "owner": "nixos",
        "repo": "nixpkgs",
        "rev": "f13ff45afd1bb73e640eaa08a7066dbed07e3238",
        "type": "github"
      },
      "original": {
        "owner": "nixos",
        "ref": "nixos-unstable",
        "repo": "nixpkgs",
        "type": "github"
      }
    },
    "ony-world": {
      "inputs": {
        "nixpkgs": "nixpkgs_4",
        "systems": "systems_3"
      },
      "locked": {
        "lastModified": 1788548632,
        "narHash": "sha256-2HjMk3XBIKYndKHxcV7XEH/4Iqj9sJWAKtzXg+34ftA=",
        "owner": "ony-boom",
        "repo": "ony.world",
        "rev": "7b55de554f93c5e40e265a4d1a45c6bcc46b4cc7",
        "type": "github"
      },
      "original": {
        "owner": "ony-boom",
        "repo": "ony.world",
        "type": "github"
      }
    },
    "root": {
      "inputs": {
        "agenix": "agenix",
        "colmena": "colmena",
        "disko": "disko",
        "home-manager": "home-manager_2",
        "nixpkgs": "nixpkgs_3",
        "ony-world": "ony-world"
      }
    },
    "stable": {
      "locked": {
        "lastModified": 1790117938,
        "narHash": "sha256-KgxFEzwzcmyNe4mqlYtsZjzy40mLcNVKtaeoCf5tCGg=",
        "owner": "nixos",
        "repo": "nixpkgs",
        "rev": "bd495b825e5c4365131f9b744cce923d42c06158",
        "type": "github"
      },
      "original": {
        "owner": "nixos",
        "ref": "release-26.05",
        "repo": "nixpkgs",
        "type": "github"
      }
    },
    "systems": {
      "locked": {
        "lastModified": 1681028828,
        "narHash": "sha256-Vy1rq5AaRuLzOxct8nz4T6wlgyUR7zLU309k9mBC768=",
        "owner": "nix-systems",
        "repo": "default",
        "rev": "da67096a3b9bf56a91d16901293e51ba5b49a27e",
        "type": "github"
      },
      "original": {
        "owner": "nix-systems",
        "repo": "default",
        "type": "github"
      }
    },
    "systems_2": {
      "locked": {
        "lastModified": 1776166891,
        "narHash": "sha256-bI8yrEGjrohR5hkQox7UrxDH7XqrYMwI8SL/LrJ1+S8=",
        "owner": "nix-systems",
        "repo": "triplet",
        "rev": "6de7bc09397911ce03636afbcf6118745ab2cda0",
        "type": "github"
      },
      "original": {
        "owner": "nix-systems",
        "repo": "triplet",
        "type": "github"
      }
    },
    "systems_3": {
      "locked": {
        "lastModified": 1681028828,
        "narHash": "sha256-Vy1rq5AaRuLzOxct8nz4T6wlgyUR7zLU309k9mBC768=",
        "owner": "nix-systems",
        "repo": "default",
        "rev": "da67096a3b9bf56a91d16901293e51ba5b49a27e",
        "type": "github"
      },
      "original": {
        "owner": "nix-systems",
        "repo": "default",
        "type": "github"
      }
    }
  },
  "root": "root",
  "version": 7
}
